
Microsoft Visual Studio Solution File, Format Version 12.00
# Visual Studio 14
VisualStudioVersion = 14.0.22609.0
MinimumVisualStudioVersion = 10.0.40219.1
Project("{FAE04EC0-301F-11D3-BF4B-00C04F79EFBC}") = "Upgrader", "Upgrader\Upgrader.csproj", "{50922141-5635-4BA8-B6EB-EB887345ED3A}"
EndProject
Project("{FAE04EC0-301F-11D3-BF4B-00C04F79EFBC}") = "Upgrader.Lib", "Upgrader.Lib\Upgrader.Lib.csproj", "{E3CFD7BB-8C37-45F6-9289-6BDD54713878}"
EndProject
Project("{FAE04EC0-301F-11D3-BF4B-00C04F79EFBC}") = "Upgrader.Tests", "Upgrader.Tests\Upgrader.Tests.csproj", "{E2C12114-C3B6-4992-B926-3AE72019DCDC}"
EndProject
Global
	GlobalSection(SolutionConfigurationPlatforms) = preSolution
		Debug|Any CPU = Debug|Any CPU
		Release|Any CPU = Release|Any CPU
	EndGlobalSection
	GlobalSection(ProjectConfigurationPlatforms) = postSolution
		{50922141-5635-4BA8-B6EB-EB887345ED3A}.Debug|Any CPU.ActiveCfg = Debug|Any CPU
		{50922141-5635-4BA8-B6EB-EB887345ED3A}.Debug|Any CPU.Build.0 = Debug|Any CPU
		{50922141-5635-4BA8-B6EB-EB887345ED3A}.Release|Any CPU.ActiveCfg = Release|Any CPU
		{50922141-5635-4BA8-B6EB-EB887345ED3A}.Release|Any CPU.Build.0 = Release|Any CPU
		{E3CFD7BB-8C37-45F6-9289-6BDD54713878}.Debug|Any CPU.ActiveCfg = Debug|Any CPU
		{E3CFD7BB-8C37-45F6-9289-6BDD54713878}.Debug|Any CPU.Build.0 = Debug|Any CPU
		{E3CFD7BB-8C37-45F6-9289-6BDD54713878}.Release|Any CPU.ActiveCfg = Release|Any CPU
		{E3CFD7BB-8C37-45F6-9289-6BDD54713878}.Release|Any CPU.Build.0 = Release|Any CPU
		{E2C12114-C3B6-4992-B926-3AE72019DCDC}.Debug|Any CPU.ActiveCfg = Debug|Any CPU
		{E2C12114-C3B6-4992-B926-3AE72019DCDC}.Debug|Any CPU.Build.0 = Debug|Any CPU
		{E2C12114-C3B6-4992-B926-3AE72019DCDC}.Release|Any CPU.ActiveCfg = Release|Any CPU
		{E2C12114-C3B6-4992-B926-3AE72019DCDC}.Release|Any CPU.Build.0 = Release|Any CPU
	EndGlobalSection
	GlobalSection(SolutionProperties) = preSolution
		HideSolutionNode = FALSE
	EndGlobalSection
EndGlobal
